
Microsoft Visual Studio Solution File, Format Version 12.00
# Visual Studio Version 17
VisualStudioVersion = 17.8.34525.116
MinimumVisualStudioVersion = 10.0.40219.1
Project("{FAE04EC0-301F-11D3-BF4B-00C04F79EFBC}") = "ConsoleApp11", "ConsoleApp11\ConsoleApp11.csproj", "{AAFBC6D0-8B06-4B1B-9113-2C967095234B}"
EndProject
Global
	GlobalSection(SolutionConfigurationPlatforms) = preSolution
		Debug|Any CPU = Debug|Any CPU
		Release|Any CPU = Release|Any CPU
	EndGlobalSection
	GlobalSection(ProjectConfigurationPlatforms) = postSolution
		{AAFBC6D0-8B06-4B1B-9113-2C967095234B}.Debug|Any CPU.ActiveCfg = Debug|Any CPU
		{AAFBC6D0-8B06-4B1B-9113-2C967095234B}.Debug|Any CPU.Build.0 = Debug|Any CPU
		{AAFBC6D0-8B06-4B1B-9113-2C967095234B}.Release|Any CPU.ActiveCfg = Release|Any CPU
		{AAFBC6D0-8B06-4B1B-9113-2C967095234B}.Release|Any CPU.Build.0 = Release|Any CPU
	EndGlobalSection
	GlobalSection(SolutionProperties) = preSolution
		HideSolutionNode = FALSE
	EndGlobalSection
	GlobalSection(ExtensibilityGlobals) = postSolution
		SolutionGuid = {AE583149-1006-43AD-8ECE-58765D9668C4}
	EndGlobalSection
EndGlobal
